// !$*UTF8*$!
{
	archiveVersion = 1;
	classes = {
	};
	objectVersion = 50;
	objects = {

/* Begin PBXBuildFile section */
		98754315226EF3B700D23110 /* WelcomePageController.swift in Sources */ = {isa = PBXBuildFile; fileRef = 98754314226EF3B700D23110 /* WelcomePageController.swift */; };
		98754317226EF63500D23110 /* WelcomeHelper.swift in Sources */ = {isa = PBXBuildFile; fileRef = 98754316226EF63500D23110 /* WelcomeHelper.swift */; };
		9875431C226EF73500D23110 /* WelcomeViewController.swift in Sources */ = {isa = PBXBuildFile; fileRef = 9875431B226EF73500D23110 /* WelcomeViewController.swift */; };
		98DE286E226DC70D00D8338D /* AppDelegate.swift in Sources */ = {isa = PBXBuildFile; fileRef = 98DE286D226DC70D00D8338D /* AppDelegate.swift */; };
		98DE2870226DC70D00D8338D /* HomeController.swift in Sources */ = {isa = PBXBuildFile; fileRef = 98DE286F226DC70D00D8338D /* HomeController.swift */; };
		98DE2873226DC70D00D8338D /* Main.storyboard in Resources */ = {isa = PBXBuildFile; fileRef = 98DE2871226DC70D00D8338D /* Main.storyboard */; };
		98DE2875226DC71600D8338D /* Assets.xcassets in Resources */ = {isa = PBXBuildFile; fileRef = 98DE2874226DC71600D8338D /* Assets.xcassets */; };
		98DE2878226DC71600D8338D /* LaunchScreen.storyboard in Resources */ = {isa = PBXBuildFile; fileRef = 98DE2876226DC71600D8338D /* LaunchScreen.storyboard */; };
		98DE2887226DD90000D8338D /* APIService.swift in Sources */ = {isa = PBXBuildFile; fileRef = 98DE2886226DD8FF00D8338D /* APIService.swift */; };
		98DE288F226E00D100D8338D /* WeatherModel.swift in Sources */ = {isa = PBXBuildFile; fileRef = 98DE288E226E00D100D8338D /* WeatherModel.swift */; };
		98DE2891226E565200D8338D /* Extensions.swift in Sources */ = {isa = PBXBuildFile; fileRef = 98DE2890226E565100D8338D /* Extensions.swift */; };
		DDFC00BD7796BF62AE0A98CD /* Pods_WeatherApplication.framework in Frameworks */ = {isa = PBXBuildFile; fileRef = 9D5B2D9643B23AD015CCFF3E /* Pods_WeatherApplication.framework */; };
/* End PBXBuildFile section */

/* Begin PBXFileReference section */
		3AD57BE78673CFCA9864E6D3 /* Pods-WeatherApplication.debug.xcconfig */ = {isa = PBXFileReference; includeInIndex = 1; lastKnownFileType = text.xcconfig; name = "Pods-WeatherApplication.debug.xcconfig"; path = "Target Support Files/Pods-WeatherApplication/Pods-WeatherApplication.debug.xcconfig"; sourceTree = "<group>"; };
		6278122F82A3610A4956D529 /* Pods-WeatherApplication.release.xcconfig */ = {isa = PBXFileReference; includeInIndex = 1; lastKnownFileType = text.xcconfig; name = "Pods-WeatherApplication.release.xcconfig"; path = "Target Support Files/Pods-WeatherApplication/Pods-WeatherApplication.release.xcconfig"; sourceTree = "<group>"; };
		98754314226EF3B700D23110 /* WelcomePageController.swift */ = {isa = PBXFileReference; lastKnownFileType = sourcecode.swift; path = WelcomePageController.swift; sourceTree = "<group>"; };
		98754316226EF63500D23110 /* WelcomeHelper.swift */ = {isa = PBXFileReference; lastKnownFileType = sourcecode.swift; path = WelcomeHelper.swift; sourceTree = "<group>"; };
		9875431B226EF73500D23110 /* WelcomeViewController.swift */ = {isa = PBXFileReference; lastKnownFileType = sourcecode.swift; path = WelcomeViewController.swift; sourceTree = "<group>"; };
		98DE286A226DC70D00D8338D /* WeatherApplication.app */ = {isa = PBXFileReference; explicitFileType = wrapper.application; includeInIndex = 0; path = WeatherApplication.app; sourceTree = BUILT_PRODUCTS_DIR; };
		98DE286D226DC70D00D8338D /* AppDelegate.swift */ = {isa = PBXFileReference; lastKnownFileType = sourcecode.swift; path = AppDelegate.swift; sourceTree = "<group>"; };
		98DE286F226DC70D00D8338D /* HomeController.swift */ = {isa = PBXFileReference; lastKnownFileType = sourcecode.swift; path = HomeController.swift; sourceTree = "<group>"; };
		98DE2872226DC70D00D8338D /* Base */ = {isa = PBXFileReference; lastKnownFileType = file.storyboard; name = Base; path = Base.lproj/Main.storyboard; sourceTree = "<group>"; };
		98DE2874226DC71600D8338D /* Assets.xcassets */ = {isa = PBXFileReference; lastKnownFileType = folder.assetcatalog; path = Assets.xcassets; sourceTree = "<group>"; };
		98DE2877226DC71600D8338D /* Base */ = {isa = PBXFileReference; lastKnownFileType = file.storyboard; name = Base; path = Base.lproj/LaunchScreen.storyboard; sourceTree = "<group>"; };
		98DE2879226DC71600D8338D /* Info.plist */ = {isa = PBXFileReference; lastKnownFileType = text.plist.xml; path = Info.plist; sourceTree = "<group>"; };
		98DE2886226DD8FF00D8338D /* APIService.swift */ = {isa = PBXFileReference; lastKnownFileType = sourcecode.swift; path = APIService.swift; sourceTree = "<group>"; };
		98DE288E226E00D100D8338D /* WeatherModel.swift */ = {isa = PBXFileReference; lastKnownFileType = sourcecode.swift; path = WeatherModel.swift; sourceTree = "<group>"; };
		98DE2890226E565100D8338D /* Extensions.swift */ = {isa = PBXFileReference; fileEncoding = 4; lastKnownFileType = sourcecode.swift; path = Extensions.swift; sourceTree = "<group>"; };
		9D5B2D9643B23AD015CCFF3E /* Pods_WeatherApplication.framework */ = {isa = PBXFileReference; explicitFileType = wrapper.framework; includeInIndex = 0; path = Pods_WeatherApplication.framework; sourceTree = BUILT_PRODUCTS_DIR; };
/* End PBXFileReference section */

/* Begin PBXFrameworksBuildPhase section */
		98DE2867226DC70D00D8338D /* Frameworks */ = {
			isa = PBXFrameworksBuildPhase;
			buildActionMask = 2147483647;
			files = (
				DDFC00BD7796BF62AE0A98CD /* Pods_WeatherApplication.framework in Frameworks */,
			);
			runOnlyForDeploymentPostprocessing = 0;
		};
/* End PBXFrameworksBuildPhase section */

/* Begin PBXGroup section */
		610AD10908EFA5807FB3C8D6 /* Pods */ = {
			isa = PBXGroup;
			children = (
				3AD57BE78673CFCA9864E6D3 /* Pods-WeatherApplication.debug.xcconfig */,
				6278122F82A3610A4956D529 /* Pods-WeatherApplication.release.xcconfig */,
			);
			path = Pods;
			sourceTree = "<group>";
		};
		81E6C098850E32201FE15B2E /* Frameworks */ = {
			isa = PBXGroup;
			children = (
				9D5B2D9643B23AD015CCFF3E /* Pods_WeatherApplication.framework */,
			);
			name = Frameworks;
			sourceTree = "<group>";
		};
		9861C4992273216500D4D1B8 /* Charts */ = {
			isa = PBXGroup;
			children = (
			);
			name = Charts;
			sourceTree = "<group>";
		};
		98754312226EE6E500D23110 /* Network */ = {
			isa = PBXGroup;
			children = (
				98DE2886226DD8FF00D8338D /* APIService.swift */,
			);
			name = Network;
			sourceTree = "<group>";
		};
		98754313226EE6F900D23110 /* Extension */ = {
			isa = PBXGroup;
			children = (
				98DE2890226E565100D8338D /* Extensions.swift */,
			);
			name = Extension;
			sourceTree = "<group>";
		};
		98754318226EF63800D23110 /* Helpers */ = {
			isa = PBXGroup;
			children = (
				98754316226EF63500D23110 /* WelcomeHelper.swift */,
			);
			name = Helpers;
			sourceTree = "<group>";
		};
		9875431A226EF70E00D23110 /* WelcomePage */ = {
			isa = PBXGroup;
			children = (
				98754314226EF3B700D23110 /* WelcomePageController.swift */,
				9875431B226EF73500D23110 /* WelcomeViewController.swift */,
			);
			name = WelcomePage;
			sourceTree = "<group>";
		};
		98DE2861226DC70D00D8338D = {
			isa = PBXGroup;
			children = (
				98DE286C226DC70D00D8338D /* WeatherApplication */,
				98DE286B226DC70D00D8338D /* Products */,
				610AD10908EFA5807FB3C8D6 /* Pods */,
				81E6C098850E32201FE15B2E /* Frameworks */,
			);
			sourceTree = "<group>";
		};
		98DE286B226DC70D00D8338D /* Products */ = {
			isa = PBXGroup;
			children = (
				98DE286A226DC70D00D8338D /* WeatherApplication.app */,
			);
			name = Products;
			sourceTree = "<group>";
		};
		98DE286C226DC70D00D8338D /* WeatherApplication */ = {
			isa = PBXGroup;
			children = (
				9861C4992273216500D4D1B8 /* Charts */,
				98754318226EF63800D23110 /* Helpers */,
				98754313226EE6F900D23110 /* Extension */,
				98754312226EE6E500D23110 /* Network */,
				98DE287F226DC86800D8338D /* Models */,
				98DE2881226DC88500D8338D /* Views */,
				98DE2880226DC87400D8338D /* Controllers */,
				98DE286D226DC70D00D8338D /* AppDelegate.swift */,
				98DE2874226DC71600D8338D /* Assets.xcassets */,
				98DE2876226DC71600D8338D /* LaunchScreen.storyboard */,
				98DE2879226DC71600D8338D /* Info.plist */,
			);
			path = WeatherApplication;
			sourceTree = "<group>";
		};
		98DE287F226DC86800D8338D /* Models */ = {
			isa = PBXGroup;
			children = (
				98DE288E226E00D100D8338D /* WeatherModel.swift */,
			);
			name = Models;
			sourceTree = "<group>";
		};
		98DE2880226DC87400D8338D /* Controllers */ = {
			isa = PBXGroup;
			children = (
				9875431A226EF70E00D23110 /* WelcomePage */,
				98DE286F226DC70D00D8338D /* HomeController.swift */,
			);
			path = Controllers;
			sourceTree = "<group>";
		};
		98DE2881226DC88500D8338D /* Views */ = {
			isa = PBXGroup;
			children = (
				98DE2871226DC70D00D8338D /* Main.storyboard */,
			);
			name = Views;
			sourceTree = "<group>";
		};
/* End PBXGroup section */

/* Begin PBXNativeTarget section */
		98DE2869226DC70D00D8338D /* WeatherApplication */ = {
			isa = PBXNativeTarget;
			buildConfigurationList = 98DE287C226DC71600D8338D /* Build configuration list for PBXNativeTarget "WeatherApplication" */;
			buildPhases = (
				515440791CF6EBE65615BE25 /* [CP] Check Pods Manifest.lock */,
				98DE2866226DC70D00D8338D /* Sources */,
				98DE2867226DC70D00D8338D /* Frameworks */,
				98DE2868226DC70D00D8338D /* Resources */,
				F57142C9BFBC0C16D6CD905D /* [CP] Embed Pods Frameworks */,
			);
			buildRules = (
			);
			dependencies = (
			);
			name = WeatherApplication;
			productName = WeatherApplication;
			productReference = 98DE286A226DC70D00D8338D /* WeatherApplication.app */;
			productType = "com.apple.product-type.application";
		};
/* End PBXNativeTarget section */

/* Begin PBXProject section */
		98DE2862226DC70D00D8338D /* Project object */ = {
			isa = PBXProject;
			attributes = {
				LastSwiftUpdateCheck = 1020;
				LastUpgradeCheck = 1020;
				ORGANIZATIONNAME = "Tmur Cheberda";
				TargetAttributes = {
					98DE2869226DC70D00D8338D = {
						CreatedOnToolsVersion = 10.2.1;
					};
				};
			};
			buildConfigurationList = 98DE2865226DC70D00D8338D /* Build configuration list for PBXProject "WeatherApplication" */;
			compatibilityVersion = "Xcode 9.3";
			developmentRegion = en;
			hasScannedForEncodings = 0;
			knownRegions = (
				en,
				Base,
			);
			mainGroup = 98DE2861226DC70D00D8338D;
			productRefGroup = 98DE286B226DC70D00D8338D /* Products */;
			projectDirPath = "";
			projectRoot = "";
			targets = (
				98DE2869226DC70D00D8338D /* WeatherApplication */,
			);
		};
/* End PBXProject section */

/* Begin PBXResourcesBuildPhase section */
		98DE2868226DC70D00D8338D /* Resources */ = {
			isa = PBXResourcesBuildPhase;
			buildActionMask = 2147483647;
			files = (
				98DE2878226DC71600D8338D /* LaunchScreen.storyboard in Resources */,
				98DE2875226DC71600D8338D /* Assets.xcassets in Resources */,
				98DE2873226DC70D00D8338D /* Main.storyboard in Resources */,
			);
			runOnlyForDeploymentPostprocessing = 0;
		};
/* End PBXResourcesBuildPhase section */

/* Begin PBXShellScriptBuildPhase section */
		515440791CF6EBE65615BE25 /* [CP] Check Pods Manifest.lock */ = {
			isa = PBXShellScriptBuildPhase;
			buildActionMask = 2147483647;
			files = (
			);
			inputFileListPaths = (
			);
			inputPaths = (
				"${PODS_PODFILE_DIR_PATH}/Podfile.lock",
				"${PODS_ROOT}/Manifest.lock",
			);
			name = "[CP] Check Pods Manifest.lock";
			outputFileListPaths = (
			);
			outputPaths = (
				"$(DERIVED_FILE_DIR)/Pods-WeatherApplication-checkManifestLockResult.txt",
			);
			runOnlyForDeploymentPostprocessing = 0;
			shellPath = /bin/sh;
			shellScript = "diff \"${PODS_PODFILE_DIR_PATH}/Podfile.lock\" \"${PODS_ROOT}/Manifest.lock\" > /dev/null\nif [ $? != 0 ] ; then\n    # print error to STDERR\n    echo \"error: The sandbox is not in sync with the Podfile.lock. Run 'pod install' or update your CocoaPods installation.\" >&2\n    exit 1\nfi\n# This output is used by Xcode 'outputs' to avoid re-running this script phase.\necho \"SUCCESS\" > \"${SCRIPT_OUTPUT_FILE_0}\"\n";
			showEnvVarsInLog = 0;
		};
		F57142C9BFBC0C16D6CD905D /* [CP] Embed Pods Frameworks */ = {
			isa = PBXShellScriptBuildPhase;
			buildActionMask = 2147483647;
			files = (
			);
			inputFileListPaths = (
			);
			inputPaths = (
				"${PODS_ROOT}/Target Support Files/Pods-WeatherApplication/Pods-WeatherApplication-frameworks.sh",
				"${BUILT_PRODUCTS_DIR}/Alamofire/Alamofire.framework",
				"${BUILT_PRODUCTS_DIR}/Charts/Charts.framework",
				"${BUILT_PRODUCTS_DIR}/SwiftyJSON/SwiftyJSON.framework",
			);
			name = "[CP] Embed Pods Frameworks";
			outputFileListPaths = (
			);
			outputPaths = (
				"${TARGET_BUILD_DIR}/${FRAMEWORKS_FOLDER_PATH}/Alamofire.framework",
				"${TARGET_BUILD_DIR}/${FRAMEWORKS_FOLDER_PATH}/Charts.framework",
				"${TARGET_BUILD_DIR}/${FRAMEWORKS_FOLDER_PATH}/SwiftyJSON.framework",
			);
			runOnlyForDeploymentPostprocessing = 0;
			shellPath = /bin/sh;
			shellScript = "\"${PODS_ROOT}/Target Support Files/Pods-WeatherApplication/Pods-WeatherApplication-frameworks.sh\"\n";
			showEnvVarsInLog = 0;
		};
/* End PBXShellScriptBuildPhase section */

/* Begin PBXSourcesBuildPhase section */
		98DE2866226DC70D00D8338D /* Sources */ = {
			isa = PBXSourcesBuildPhase;
			buildActionMask = 2147483647;
			files = (
				98DE2891226E565200D8338D /* Extensions.swift in Sources */,
				9875431C226EF73500D23110 /* WelcomeViewController.swift in Sources */,
				98DE2870226DC70D00D8338D /* HomeController.swift in Sources */,
				98DE2887226DD90000D8338D /* APIService.swift in Sources */,
				98754317226EF63500D23110 /* WelcomeHelper.swift in Sources */,
				98754315226EF3B700D23110 /* WelcomePageController.swift in Sources */,
				98DE288F226E00D100D8338D /* WeatherModel.swift in Sources */,
				98DE286E226DC70D00D8338D /* AppDelegate.swift in Sources */,
			);
			runOnlyForDeploymentPostprocessing = 0;
		};
/* End PBXSourcesBuildPhase section */

/* Begin PBXVariantGroup section */
		98DE2871226DC70D00D8338D /* Main.storyboard */ = {
			isa = PBXVariantGroup;
			children = (
				98DE2872226DC70D00D8338D /* Base */,
			);
			name = Main.storyboard;
			sourceTree = "<group>";
		};
		98DE2876226DC71600D8338D /* LaunchScreen.storyboard */ = {
			isa = PBXVariantGroup;
			children = (
				98DE2877226DC71600D8338D /* Base */,
			);
			name = LaunchScreen.storyboard;
			sourceTree = "<group>";
		};
/* End PBXVariantGroup section */

/* Begin XCBuildConfiguration section */
		98DE287A226DC71600D8338D /* Debug */ = {
			isa = XCBuildConfiguration;
			buildSettings = {
				ALWAYS_SEARCH_USER_PATHS = NO;
				CLANG_ANALYZER_NONNULL = YES;
				CLANG_ANALYZER_NUMBER_OBJECT_CONVERSION = YES_AGGRESSIVE;
				CLANG_CXX_LANGUAGE_STANDARD = "gnu++14";
				CLANG_CXX_LIBRARY = "libc++";
				CLANG_ENABLE_MODULES = YES;
				CLANG_ENABLE_OBJC_ARC = YES;
				CLANG_ENABLE_OBJC_WEAK = YES;
				CLANG_WARN_BLOCK_CAPTURE_AUTORELEASING = YES;
				CLANG_WARN_BOOL_CONVERSION = YES;
				CLANG_WARN_COMMA = YES;
				CLANG_WARN_CONSTANT_CONVERSION = YES;
				CLANG_WARN_DEPRECATED_OBJC_IMPLEMENTATIONS = YES;
				CLANG_WARN_DIRECT_OBJC_ISA_USAGE = YES_ERROR;
				CLANG_WARN_DOCUMENTATION_COMMENTS = YES;
				CLANG_WARN_EMPTY_BODY = YES;
				CLANG_WARN_ENUM_CONVERSION = YES;
				CLANG_WARN_INFINITE_RECURSION = YES;
				CLANG_WARN_INT_CONVERSION = YES;
				CLANG_WARN_NON_LITERAL_NULL_CONVERSION = YES;
				CLANG_WARN_OBJC_IMPLICIT_RETAIN_SELF = YES;
				CLANG_WARN_OBJC_LITERAL_CONVERSION = YES;
				CLANG_WARN_OBJC_ROOT_CLASS = YES_ERROR;
				CLANG_WARN_RANGE_LOOP_ANALYSIS = YES;
				CLANG_WARN_STRICT_PROTOTYPES = YES;
				CLANG_WARN_SUSPICIOUS_MOVE = YES;
				CLANG_WARN_UNGUARDED_AVAILABILITY = YES_AGGRESSIVE;
				CLANG_WARN_UNREACHABLE_CODE = YES;
				CLANG_WARN__DUPLICATE_METHOD_MATCH = YES;
				CODE_SIGN_IDENTITY = "iPhone Developer";
				COPY_PHASE_STRIP = NO;
				DEBUG_INFORMATION_FORMAT = dwarf;
				ENABLE_STRICT_OBJC_MSGSEND = YES;
				ENABLE_TESTABILITY = YES;
				GCC_C_LANGUAGE_STANDARD = gnu11;
				GCC_DYNAMIC_NO_PIC = NO;
				GCC_NO_COMMON_BLOCKS = YES;
				GCC_OPTIMIZATION_LEVEL = 0;
				GCC_PREPROCESSOR_DEFINITIONS = (
					"DEBUG=1",
					"$(inherited)",
				);
				GCC_WARN_64_TO_32_BIT_CONVERSION = YES;
				GCC_WARN_ABOUT_RETURN_TYPE = YES_ERROR;
				GCC_WARN_UNDECLARED_SELECTOR = YES;
				GCC_WARN_UNINITIALIZED_AUTOS = YES_AGGRESSIVE;
				GCC_WARN_UNUSED_FUNCTION = YES;
				GCC_WARN_UNUSED_VARIABLE = YES;
				IPHONEOS_DEPLOYMENT_TARGET = 12.2;
				MTL_ENABLE_DEBUG_INFO = INCLUDE_SOURCE;
				MTL_FAST_MATH = YES;
				ONLY_ACTIVE_ARCH = YES;
				SDKROOT = iphoneos;
				SWIFT_ACTIVE_COMPILATION_CONDITIONS = DEBUG;
				SWIFT_OPTIMIZATION_LEVEL = "-Onone";
			};
			name = Debug;
		};
		98DE287B226DC71600D8338D /* Release */ = {
			isa = XCBuildConfiguration;
			buildSettings = {
				ALWAYS_SEARCH_USER_PATHS = NO;
				CLANG_ANALYZER_NONNULL = YES;
				CLANG_ANALYZER_NUMBER_OBJECT_CONVERSION = YES_AGGRESSIVE;
				CLANG_CXX_LANGUAGE_STANDARD = "gnu++14";
				CLANG_CXX_LIBRARY = "libc++";
				CLANG_ENABLE_MODULES = YES;
				CLANG_ENABLE_OBJC_ARC = YES;
				CLANG_ENABLE_OBJC_WEAK = YES;
				CLANG_WARN_BLOCK_CAPTURE_AUTORELEASING = YES;
				CLANG_WARN_BOOL_CONVERSION = YES;
				CLANG_WARN_COMMA = YES;
				CLANG_WARN_CONSTANT_CONVERSION = YES;
				CLANG_WARN_DEPRECATED_OBJC_IMPLEMENTATIONS = YES;
				CLANG_WARN_DIRECT_OBJC_ISA_USAGE = YES_ERROR;
				CLANG_WARN_DOCUMENTATION_COMMENTS = YES;
				CLANG_WARN_EMPTY_BODY = YES;
				CLANG_WARN_ENUM_CONVERSION = YES;
				CLANG_WARN_INFINITE_RECURSION = YES;
				CLANG_WARN_INT_CONVERSION = YES;
				CLANG_WARN_NON_LITERAL_NULL_CONVERSION = YES;
				CLANG_WARN_OBJC_IMPLICIT_RETAIN_SELF = YES;
				CLANG_WARN_OBJC_LITERAL_CONVERSION = YES;
				CLANG_WARN_OBJC_ROOT_CLASS = YES_ERROR;
				CLANG_WARN_RANGE_LOOP_ANALYSIS = YES;
				CLANG_WARN_STRICT_PROTOTYPES = YES;
				CLANG_WARN_SUSPICIOUS_MOVE = YES;
				CLANG_WARN_UNGUARDED_AVAILABILITY = YES_AGGRESSIVE;
				CLANG_WARN_UNREACHABLE_CODE = YES;
				CLANG_WARN__DUPLICATE_METHOD_MATCH = YES;
				CODE_SIGN_IDENTITY = "iPhone Developer";
				COPY_PHASE_STRIP = NO;
				DEBUG_INFORMATION_FORMAT = "dwarf-with-dsym";
				ENABLE_NS_ASSERTIONS = NO;
				ENABLE_STRICT_OBJC_MSGSEND = YES;
				GCC_C_LANGUAGE_STANDARD = gnu11;
				GCC_NO_COMMON_BLOCKS = YES;
				GCC_WARN_64_TO_32_BIT_CONVERSION = YES;
				GCC_WARN_ABOUT_RETURN_TYPE = YES_ERROR;
				GCC_WARN_UNDECLARED_SELECTOR = YES;
				GCC_WARN_UNINITIALIZED_AUTOS = YES_AGGRESSIVE;
				GCC_WARN_UNUSED_FUNCTION = YES;
				GCC_WARN_UNUSED_VARIABLE = YES;
				IPHONEOS_DEPLOYMENT_TARGET = 12.2;
				MTL_ENABLE_DEBUG_INFO = NO;
				MTL_FAST_MATH = YES;
				SDKROOT = iphoneos;
				SWIFT_COMPILATION_MODE = wholemodule;
				SWIFT_OPTIMIZATION_LEVEL = "-O";
				VALIDATE_PRODUCT = YES;
			};
			name = Release;
		};
		98DE287D226DC71600D8338D /* Debug */ = {
			isa = XCBuildConfiguration;
			baseConfigurationReference = 3AD57BE78673CFCA9864E6D3 /* Pods-WeatherApplication.debug.xcconfig */;
			buildSettings = {
				ASSETCATALOG_COMPILER_APPICON_NAME = AppIcon;
				CODE_SIGN_STYLE = Automatic;
				DEVELOPMENT_TEAM = 9P8B87J42W;
				INFOPLIST_FILE = WeatherApplication/Info.plist;
				LD_RUNPATH_SEARCH_PATHS = (
					"$(inherited)",
					"@executable_path/Frameworks",
				);
				PRODUCT_BUNDLE_IDENTIFIER = com.hithere.WeatherApplication;
				PRODUCT_NAME = "$(TARGET_NAME)";
				SWIFT_VERSION = 5.0;
				TARGETED_DEVICE_FAMILY = "1,2";
			};
			name = Debug;
		};
		98DE287E226DC71600D8338D /* Release */ = {
			isa = XCBuildConfiguration;
			baseConfigurationReference = 6278122F82A3610A4956D529 /* Pods-WeatherApplication.release.xcconfig */;
			buildSettings = {
				ASSETCATALOG_COMPILER_APPICON_NAME = AppIcon;
				CODE_SIGN_STYLE = Automatic;
				DEVELOPMENT_TEAM = 9P8B87J42W;
				INFOPLIST_FILE = WeatherApplication/Info.plist;
				LD_RUNPATH_SEARCH_PATHS = (
					"$(inherited)",
					"@executable_path/Frameworks",
				);
				PRODUCT_BUNDLE_IDENTIFIER = com.hithere.WeatherApplication;
				PRODUCT_NAME = "$(TARGET_NAME)";
				SWIFT_VERSION = 5.0;
				TARGETED_DEVICE_FAMILY = "1,2";
			};
			name = Release;
		};
/* End XCBuildConfiguration section */

/* Begin XCConfigurationList section */
		98DE2865226DC70D00D8338D /* Build configuration list for PBXProject "WeatherApplication" */ = {
			isa = XCConfigurationList;
			buildConfigurations = (
				98DE287A226DC71600D8338D /* Debug */,
				98DE287B226DC71600D8338D /* Release */,
			);
			defaultConfigurationIsVisible = 0;
			defaultConfigurationName = Release;
		};
		98DE287C226DC71600D8338D /* Build configuration list for PBXNativeTarget "WeatherApplication" */ = {
			isa = XCConfigurationList;
			buildConfigurations = (
				98DE287D226DC71600D8338D /* Debug */,
				98DE287E226DC71600D8338D /* Release */,
			);
			defaultConfigurationIsVisible = 0;
			defaultConfigurationName = Release;
		};
/* End XCConfigurationList section */
	};
	rootObject = 98DE2862226DC70D00D8338D /* Project object */;
}
